
Microsoft Visual Studio Solution File, Format Version 12.00
# Visual Studio Version 17
VisualStudioVersion = 17.14.37111.16 d17.14
MinimumVisualStudioVersion = 10.0.40219.1
Project("{FAE04EC0-301F-11D3-BF4B-00C04F79EFBC}") = "UsrYacht", "UsrYacht.csproj", "{A8D1101A-69A4-EE54-2A0D-81EC11EE3FE0}"
EndProject
Global
	GlobalSection(SolutionConfigurationPlatforms) = preSolution
		Debug|Any CPU = Debug|Any CPU
		Release|Any CPU = Release|Any CPU
	EndGlobalSection
	GlobalSection(ProjectConfigurationPlatforms) = postSolution
		{A8D1101A-69A4-EE54-2A0D-81EC11EE3FE0}.Debug|Any CPU.ActiveCfg = Debug|Any CPU
		{A8D1101A-69A4-EE54-2A0D-81EC11EE3FE0}.Debug|Any CPU.Build.0 = Debug|Any CPU
		{A8D1101A-69A4-EE54-2A0D-81EC11EE3FE0}.Release|Any CPU.ActiveCfg = Release|Any CPU
		{A8D1101A-69A4-EE54-2A0D-81EC11EE3FE0}.Release|Any CPU.Build.0 = Release|Any CPU
	EndGlobalSection
	GlobalSection(SolutionProperties) = preSolution
		HideSolutionNode = FALSE
	EndGlobalSection
	GlobalSection(ExtensibilityGlobals) = postSolution
		SolutionGuid = {2D1D9F76-AE81-4132-B51C-F4CEE8388FCD}
	EndGlobalSection
EndGlobal
